
Microsoft Visual Studio Solution File, Format Version 12.00
# Visual Studio Version 17
VisualStudioVersion = 17.1.32421.90
MinimumVisualStudioVersion = 10.0.40219.1
Project("{FAE04EC0-301F-11D3-BF4B-00C04F79EFBC}") = "es.1-corretto", "es.1-corretto\es.1-corretto.csproj", "{EC02625F-6882-45A5-B8F9-BD2D45DE3583}"
EndProject
Global
	GlobalSection(SolutionConfigurationPlatforms) = preSolution
		Debug|Any CPU = Debug|Any CPU
		Release|Any CPU = Release|Any CPU
	EndGlobalSection
	GlobalSection(ProjectConfigurationPlatforms) = postSolution
		{EC02625F-6882-45A5-B8F9-BD2D45DE3583}.Debug|Any CPU.ActiveCfg = Debug|Any CPU
		{EC02625F-6882-45A5-B8F9-BD2D45DE3583}.Debug|Any CPU.Build.0 = Debug|Any CPU
		{EC02625F-6882-45A5-B8F9-BD2D45DE3583}.Release|Any CPU.ActiveCfg = Release|Any CPU
		{EC02625F-6882-45A5-B8F9-BD2D45DE3583}.Release|Any CPU.Build.0 = Release|Any CPU
	EndGlobalSection
	GlobalSection(SolutionProperties) = preSolution
		HideSolutionNode = FALSE
	EndGlobalSection
	GlobalSection(ExtensibilityGlobals) = postSolution
		SolutionGuid = {CBA95C2B-128F-42FA-A932-96A2D5F40578}
	EndGlobalSection
EndGlobal
